
Microsoft Visual Studio Solution File, Format Version 12.00
# Visual Studio Version 17
VisualStudioVersion = 17.14.36408.4 d17.14
MinimumVisualStudioVersion = 10.0.40219.1
Project("{FAE04EC0-301F-11D3-BF4B-00C04F79EFBC}") = "Practico 3", "Practico 3\Practico 3.csproj", "{FB16CB10-22EB-41C2-9113-A86427EC8229}"
EndProject
Global
	GlobalSection(SolutionConfigurationPlatforms) = preSolution
		Debug|Any CPU = Debug|Any CPU
		Release|Any CPU = Release|Any CPU
	EndGlobalSection
	GlobalSection(ProjectConfigurationPlatforms) = postSolution
		{FB16CB10-22EB-41C2-9113-A86427EC8229}.Debug|Any CPU.ActiveCfg = Debug|Any CPU
		{FB16CB10-22EB-41C2-9113-A86427EC8229}.Debug|Any CPU.Build.0 = Debug|Any CPU
		{FB16CB10-22EB-41C2-9113-A86427EC8229}.Release|Any CPU.ActiveCfg = Release|Any CPU
		{FB16CB10-22EB-41C2-9113-A86427EC8229}.Release|Any CPU.Build.0 = Release|Any CPU
	EndGlobalSection
	GlobalSection(SolutionProperties) = preSolution
		HideSolutionNode = FALSE
	EndGlobalSection
	GlobalSection(ExtensibilityGlobals) = postSolution
		SolutionGuid = {7F4AA482-B18B-41AD-8791-01F222A9D2D4}
	EndGlobalSection
EndGlobal
